
Microsoft Visual Studio Solution File, Format Version 10.00
# Visual Studio 2008
Project("{FAE04EC0-301F-11D3-BF4B-00C04F79EFBC}") = "CSharpCarClient", "CSharpCarClient.csproj", "{CB5C8E4D-2CA5-4D81-B508-03A715EB41F7}"
EndProject
Global
	GlobalSection(SolutionConfigurationPlatforms) = preSolution
		Debug|Any CPU = Debug|Any CPU
		Release|Any CPU = Release|Any CPU
	EndGlobalSection
	GlobalSection(ProjectConfigurationPlatforms) = postSolution
		{CB5C8E4D-2CA5-4D81-B508-03A715EB41F7}.Debug|Any CPU.ActiveCfg = Debug|Any CPU
		{CB5C8E4D-2CA5-4D81-B508-03A715EB41F7}.Debug|Any CPU.Build.0 = Debug|Any CPU
		{CB5C8E4D-2CA5-4D81-B508-03A715EB41F7}.Release|Any CPU.ActiveCfg = Release|Any CPU
		{CB5C8E4D-2CA5-4D81-B508-03A715EB41F7}.Release|Any CPU.Build.0 = Release|Any CPU
	EndGlobalSection
	GlobalSection(SolutionProperties) = preSolution
		HideSolutionNode = FALSE
	EndGlobalSection
EndGlobal
