
Microsoft Visual Studio Solution File, Format Version 10.00
# Visual Studio 2008
Project("{F184B08F-C81C-45F6-A57F-5ABD9991F28F}") = "SimpleLambdaExpressions", "SimpleLambdaExpressions.vbproj", "{8FDD0491-247A-41D7-A899-55B0B7518A4A}"
EndProject
Global
	GlobalSection(SolutionConfigurationPlatforms) = preSolution
		Debug|Any CPU = Debug|Any CPU
		Release|Any CPU = Release|Any CPU
	EndGlobalSection
	GlobalSection(ProjectConfigurationPlatforms) = postSolution
		{8FDD0491-247A-41D7-A899-55B0B7518A4A}.Debug|Any CPU.ActiveCfg = Debug|Any CPU
		{8FDD0491-247A-41D7-A899-55B0B7518A4A}.Debug|Any CPU.Build.0 = Debug|Any CPU
		{8FDD0491-247A-41D7-A899-55B0B7518A4A}.Release|Any CPU.ActiveCfg = Release|Any CPU
		{8FDD0491-247A-41D7-A899-55B0B7518A4A}.Release|Any CPU.Build.0 = Release|Any CPU
	EndGlobalSection
	GlobalSection(SolutionProperties) = preSolution
		HideSolutionNode = FALSE
	EndGlobalSection
EndGlobal
