
Microsoft Visual Studio Solution File, Format Version 10.00
# Visual Studio 2008
Project("{F184B08F-C81C-45F6-A57F-5ABD9991F28F}") = "LinqUsingEnumerable", "LinqUsingEnumerable.vbproj", "{47A99220-B2FC-4C96-B60C-26156B6F0F9A}"
EndProject
Global
	GlobalSection(SolutionConfigurationPlatforms) = preSolution
		Debug|Any CPU = Debug|Any CPU
		Release|Any CPU = Release|Any CPU
	EndGlobalSection
	GlobalSection(ProjectConfigurationPlatforms) = postSolution
		{47A99220-B2FC-4C96-B60C-26156B6F0F9A}.Debug|Any CPU.ActiveCfg = Debug|Any CPU
		{47A99220-B2FC-4C96-B60C-26156B6F0F9A}.Debug|Any CPU.Build.0 = Debug|Any CPU
		{47A99220-B2FC-4C96-B60C-26156B6F0F9A}.Release|Any CPU.ActiveCfg = Release|Any CPU
		{47A99220-B2FC-4C96-B60C-26156B6F0F9A}.Release|Any CPU.Build.0 = Release|Any CPU
	EndGlobalSection
	GlobalSection(SolutionProperties) = preSolution
		HideSolutionNode = FALSE
	EndGlobalSection
EndGlobal
