
Microsoft Visual Studio Solution File, Format Version 10.00
# Visual Studio 2008
Project("{F184B08F-C81C-45F6-A57F-5ABD9991F28F}") = "InterfaceHierarchy", "InterfaceHierarchy.vbproj", "{593EB49B-DD75-48E5-AEB7-6181A7AE40DF}"
EndProject
Global
	GlobalSection(SolutionConfigurationPlatforms) = preSolution
		Debug|Any CPU = Debug|Any CPU
		Release|Any CPU = Release|Any CPU
	EndGlobalSection
	GlobalSection(ProjectConfigurationPlatforms) = postSolution
		{593EB49B-DD75-48E5-AEB7-6181A7AE40DF}.Debug|Any CPU.ActiveCfg = Debug|Any CPU
		{593EB49B-DD75-48E5-AEB7-6181A7AE40DF}.Debug|Any CPU.Build.0 = Debug|Any CPU
		{593EB49B-DD75-48E5-AEB7-6181A7AE40DF}.Release|Any CPU.ActiveCfg = Release|Any CPU
		{593EB49B-DD75-48E5-AEB7-6181A7AE40DF}.Release|Any CPU.Build.0 = Release|Any CPU
	EndGlobalSection
	GlobalSection(SolutionProperties) = preSolution
		HideSolutionNode = FALSE
	EndGlobalSection
EndGlobal
