
Microsoft Visual Studio Solution File, Format Version 10.00
# Visual Studio 2008
Project("{F184B08F-C81C-45F6-A57F-5ABD9991F28F}") = "SharedCarLibClient", "SharedCarLibClient.vbproj", "{34359BD7-A953-468F-95CA-3885502040D7}"
EndProject
Global
	GlobalSection(SolutionConfigurationPlatforms) = preSolution
		Debug|Any CPU = Debug|Any CPU
		Release|Any CPU = Release|Any CPU
	EndGlobalSection
	GlobalSection(ProjectConfigurationPlatforms) = postSolution
		{34359BD7-A953-468F-95CA-3885502040D7}.Debug|Any CPU.ActiveCfg = Debug|Any CPU
		{34359BD7-A953-468F-95CA-3885502040D7}.Debug|Any CPU.Build.0 = Debug|Any CPU
		{34359BD7-A953-468F-95CA-3885502040D7}.Release|Any CPU.ActiveCfg = Release|Any CPU
		{34359BD7-A953-468F-95CA-3885502040D7}.Release|Any CPU.Build.0 = Release|Any CPU
	EndGlobalSection
	GlobalSection(SolutionProperties) = preSolution
		HideSolutionNode = FALSE
	EndGlobalSection
EndGlobal
