
Microsoft Visual Studio Solution File, Format Version 10.00
# Visual Studio 2008
Project("{F184B08F-C81C-45F6-A57F-5ABD9991F28F}") = "MathWindowsServiceHost", "MathWindowsServiceHost.vbproj", "{46C0E086-7664-46C8-BE64-7E6B9B6FB0F0}"
EndProject
Global
	GlobalSection(SolutionConfigurationPlatforms) = preSolution
		Debug|Any CPU = Debug|Any CPU
		Release|Any CPU = Release|Any CPU
	EndGlobalSection
	GlobalSection(ProjectConfigurationPlatforms) = postSolution
		{46C0E086-7664-46C8-BE64-7E6B9B6FB0F0}.Debug|Any CPU.ActiveCfg = Debug|Any CPU
		{46C0E086-7664-46C8-BE64-7E6B9B6FB0F0}.Debug|Any CPU.Build.0 = Debug|Any CPU
		{46C0E086-7664-46C8-BE64-7E6B9B6FB0F0}.Release|Any CPU.ActiveCfg = Release|Any CPU
		{46C0E086-7664-46C8-BE64-7E6B9B6FB0F0}.Release|Any CPU.Build.0 = Release|Any CPU
	EndGlobalSection
	GlobalSection(SolutionProperties) = preSolution
		HideSolutionNode = FALSE
	EndGlobalSection
EndGlobal
