
Microsoft Visual Studio Solution File, Format Version 10.00
# Visual Studio 2008
Project("{F184B08F-C81C-45F6-A57F-5ABD9991F28F}") = "ColorDlg", "ColorDlg.vbproj", "{DD0F28B0-A037-4ABE-ABE8-780CBE18D416}"
EndProject
Global
	GlobalSection(SolutionConfigurationPlatforms) = preSolution
		Debug|Any CPU = Debug|Any CPU
		Release|Any CPU = Release|Any CPU
	EndGlobalSection
	GlobalSection(ProjectConfigurationPlatforms) = postSolution
		{DD0F28B0-A037-4ABE-ABE8-780CBE18D416}.Debug|Any CPU.ActiveCfg = Debug|Any CPU
		{DD0F28B0-A037-4ABE-ABE8-780CBE18D416}.Debug|Any CPU.Build.0 = Debug|Any CPU
		{DD0F28B0-A037-4ABE-ABE8-780CBE18D416}.Release|Any CPU.ActiveCfg = Release|Any CPU
		{DD0F28B0-A037-4ABE-ABE8-780CBE18D416}.Release|Any CPU.Build.0 = Release|Any CPU
	EndGlobalSection
	GlobalSection(SolutionProperties) = preSolution
		HideSolutionNode = FALSE
	EndGlobalSection
EndGlobal
