
Microsoft Visual Studio Solution File, Format Version 10.00
# Visual Studio 2008
Project("{F184B08F-C81C-45F6-A57F-5ABD9991F28F}") = "Employees", "Employees.vbproj", "{29C6E0DA-EAF7-47C1-A4F3-C4EA84CD77B1}"
EndProject
Global
	GlobalSection(SolutionConfigurationPlatforms) = preSolution
		Debug|Any CPU = Debug|Any CPU
		Release|Any CPU = Release|Any CPU
	EndGlobalSection
	GlobalSection(ProjectConfigurationPlatforms) = postSolution
		{29C6E0DA-EAF7-47C1-A4F3-C4EA84CD77B1}.Debug|Any CPU.ActiveCfg = Debug|Any CPU
		{29C6E0DA-EAF7-47C1-A4F3-C4EA84CD77B1}.Debug|Any CPU.Build.0 = Debug|Any CPU
		{29C6E0DA-EAF7-47C1-A4F3-C4EA84CD77B1}.Release|Any CPU.ActiveCfg = Release|Any CPU
		{29C6E0DA-EAF7-47C1-A4F3-C4EA84CD77B1}.Release|Any CPU.Build.0 = Release|Any CPU
	EndGlobalSection
	GlobalSection(SolutionProperties) = preSolution
		HideSolutionNode = FALSE
	EndGlobalSection
EndGlobal
