
Microsoft Visual Studio Solution File, Format Version 10.00
# Visual Studio 2008
Project("{F184B08F-C81C-45F6-A57F-5ABD9991F28F}") = "EmployeeApp", "EmployeeApp.vbproj", "{83ECB051-6E12-454C-A344-C8F64EB5C3C9}"
EndProject
Global
	GlobalSection(SolutionConfigurationPlatforms) = preSolution
		Debug|Any CPU = Debug|Any CPU
		Release|Any CPU = Release|Any CPU
	EndGlobalSection
	GlobalSection(ProjectConfigurationPlatforms) = postSolution
		{83ECB051-6E12-454C-A344-C8F64EB5C3C9}.Debug|Any CPU.ActiveCfg = Debug|Any CPU
		{83ECB051-6E12-454C-A344-C8F64EB5C3C9}.Debug|Any CPU.Build.0 = Debug|Any CPU
		{83ECB051-6E12-454C-A344-C8F64EB5C3C9}.Release|Any CPU.ActiveCfg = Release|Any CPU
		{83ECB051-6E12-454C-A344-C8F64EB5C3C9}.Release|Any CPU.Build.0 = Release|Any CPU
	EndGlobalSection
	GlobalSection(SolutionProperties) = preSolution
		HideSolutionNode = FALSE
	EndGlobalSection
EndGlobal
